
Microsoft Visual Studio Solution File, Format Version 12.00
# Visual Studio Version 16
VisualStudioVersion = 16.0.30406.217
MinimumVisualStudioVersion = 10.0.40219.1
Project("{FAE04EC0-301F-11D3-BF4B-00C04F79EFBC}") = "MethodOverload", "MethodOverload\MethodOverload.csproj", "{682E7CDD-1022-4FA6-AB44-EE9F239ADAF7}"
EndProject
Global
	GlobalSection(SolutionConfigurationPlatforms) = preSolution
		Debug|Any CPU = Debug|Any CPU
		Release|Any CPU = Release|Any CPU
	EndGlobalSection
	GlobalSection(ProjectConfigurationPlatforms) = postSolution
		{682E7CDD-1022-4FA6-AB44-EE9F239ADAF7}.Debug|Any CPU.ActiveCfg = Debug|Any CPU
		{682E7CDD-1022-4FA6-AB44-EE9F239ADAF7}.Debug|Any CPU.Build.0 = Debug|Any CPU
		{682E7CDD-1022-4FA6-AB44-EE9F239ADAF7}.Release|Any CPU.ActiveCfg = Release|Any CPU
		{682E7CDD-1022-4FA6-AB44-EE9F239ADAF7}.Release|Any CPU.Build.0 = Release|Any CPU
	EndGlobalSection
	GlobalSection(SolutionProperties) = preSolution
		HideSolutionNode = FALSE
	EndGlobalSection
	GlobalSection(ExtensibilityGlobals) = postSolution
		SolutionGuid = {01CCF005-8B08-48E8-AC2E-2308FA8DE4B6}
	EndGlobalSection
EndGlobal
